// !$*UTF8*$!
{
	archiveVersion = 1;
	classes = {
	};
	objectVersion = 56;
	objects = {

/* Begin PBXBuildFile section */
		F13B50562AE1222500956CE5 /* AppDelegate.swift in Sources */ = {isa = PBXBuildFile; fileRef = F13B50552AE1222500956CE5 /* AppDelegate.swift */; };
		F13B50582AE1222500956CE5 /* SceneDelegate.swift in Sources */ = {isa = PBXBuildFile; fileRef = F13B50572AE1222500956CE5 /* SceneDelegate.swift */; };
		F13B505D2AE1222500956CE5 /* Main.storyboard in Resources */ = {isa = PBXBuildFile; fileRef = F13B505B2AE1222500956CE5 /* Main.storyboard */; };
		F13B505F2AE1222800956CE5 /* Assets.xcassets in Resources */ = {isa = PBXBuildFile; fileRef = F13B505E2AE1222800956CE5 /* Assets.xcassets */; };
		F13B50622AE1222800956CE5 /* LaunchScreen.storyboard in Resources */ = {isa = PBXBuildFile; fileRef = F13B50602AE1222800956CE5 /* LaunchScreen.storyboard */; };
		F1D1062A2AE6478F00003C49 /* RateData.swift in Sources */ = {isa = PBXBuildFile; fileRef = F1D106292AE6478F00003C49 /* RateData.swift */; };
		F1D1062C2AE64A7F00003C49 /* RateModel.swift in Sources */ = {isa = PBXBuildFile; fileRef = F1D1062B2AE64A7F00003C49 /* RateModel.swift */; };
		F1FC7E242AE277E50072C2AF /* RateViewController.swift in Sources */ = {isa = PBXBuildFile; fileRef = F1FC7E232AE277E50072C2AF /* RateViewController.swift */; };
		F1FC7E262AE27BE40072C2AF /* RateManager.swift in Sources */ = {isa = PBXBuildFile; fileRef = F1FC7E252AE27BE40072C2AF /* RateManager.swift */; };
/* End PBXBuildFile section */

/* Begin PBXFileReference section */
		F13B50522AE1222500956CE5 /* Ratedy.app */ = {isa = PBXFileReference; explicitFileType = wrapper.application; includeInIndex = 0; path = Ratedy.app; sourceTree = BUILT_PRODUCTS_DIR; };
		F13B50552AE1222500956CE5 /* AppDelegate.swift */ = {isa = PBXFileReference; lastKnownFileType = sourcecode.swift; path = AppDelegate.swift; sourceTree = "<group>"; };
		F13B50572AE1222500956CE5 /* SceneDelegate.swift */ = {isa = PBXFileReference; lastKnownFileType = sourcecode.swift; path = SceneDelegate.swift; sourceTree = "<group>"; };
		F13B505C2AE1222500956CE5 /* Base */ = {isa = PBXFileReference; lastKnownFileType = file.storyboard; name = Base; path = Base.lproj/Main.storyboard; sourceTree = "<group>"; };
		F13B505E2AE1222800956CE5 /* Assets.xcassets */ = {isa = PBXFileReference; lastKnownFileType = folder.assetcatalog; path = Assets.xcassets; sourceTree = "<group>"; };
		F13B50612AE1222800956CE5 /* Base */ = {isa = PBXFileReference; lastKnownFileType = file.storyboard; name = Base; path = Base.lproj/LaunchScreen.storyboard; sourceTree = "<group>"; };
		F13B50632AE1222800956CE5 /* Info.plist */ = {isa = PBXFileReference; lastKnownFileType = text.plist.xml; path = Info.plist; sourceTree = "<group>"; };
		F1D106292AE6478F00003C49 /* RateData.swift */ = {isa = PBXFileReference; lastKnownFileType = sourcecode.swift; path = RateData.swift; sourceTree = "<group>"; };
		F1D1062B2AE64A7F00003C49 /* RateModel.swift */ = {isa = PBXFileReference; lastKnownFileType = sourcecode.swift; path = RateModel.swift; sourceTree = "<group>"; };
		F1FC7E232AE277E50072C2AF /* RateViewController.swift */ = {isa = PBXFileReference; lastKnownFileType = sourcecode.swift; path = RateViewController.swift; sourceTree = "<group>"; };
		F1FC7E252AE27BE40072C2AF /* RateManager.swift */ = {isa = PBXFileReference; lastKnownFileType = sourcecode.swift; path = RateManager.swift; sourceTree = "<group>"; };
/* End PBXFileReference section */

/* Begin PBXFrameworksBuildPhase section */
		F13B504F2AE1222500956CE5 /* Frameworks */ = {
			isa = PBXFrameworksBuildPhase;
			buildActionMask = 2147483647;
			files = (
			);
			runOnlyForDeploymentPostprocessing = 0;
		};
/* End PBXFrameworksBuildPhase section */

/* Begin PBXGroup section */
		F13B50492AE1222500956CE5 = {
			isa = PBXGroup;
			children = (
				F13B50542AE1222500956CE5 /* Ratedy */,
				F13B50532AE1222500956CE5 /* Products */,
			);
			sourceTree = "<group>";
		};
		F13B50532AE1222500956CE5 /* Products */ = {
			isa = PBXGroup;
			children = (
				F13B50522AE1222500956CE5 /* Ratedy.app */,
			);
			name = Products;
			sourceTree = "<group>";
		};
		F13B50542AE1222500956CE5 /* Ratedy */ = {
			isa = PBXGroup;
			children = (
				F13B50552AE1222500956CE5 /* AppDelegate.swift */,
				F13B50572AE1222500956CE5 /* SceneDelegate.swift */,
				F1FC7E202AE2676B0072C2AF /* Models */,
				F1FC7E212AE267770072C2AF /* Views */,
				F1FC7E222AE267800072C2AF /* Controllers */,
				F13B505E2AE1222800956CE5 /* Assets.xcassets */,
				F13B50602AE1222800956CE5 /* LaunchScreen.storyboard */,
				F13B50632AE1222800956CE5 /* Info.plist */,
			);
			path = Ratedy;
			sourceTree = "<group>";
		};
		F1FC7E202AE2676B0072C2AF /* Models */ = {
			isa = PBXGroup;
			children = (
				F1FC7E252AE27BE40072C2AF /* RateManager.swift */,
				F1D106292AE6478F00003C49 /* RateData.swift */,
				F1D1062B2AE64A7F00003C49 /* RateModel.swift */,
			);
			path = Models;
			sourceTree = "<group>";
		};
		F1FC7E212AE267770072C2AF /* Views */ = {
			isa = PBXGroup;
			children = (
				F13B505B2AE1222500956CE5 /* Main.storyboard */,
			);
			path = Views;
			sourceTree = "<group>";
		};
		F1FC7E222AE267800072C2AF /* Controllers */ = {
			isa = PBXGroup;
			children = (
				F1FC7E232AE277E50072C2AF /* RateViewController.swift */,
			);
			path = Controllers;
			sourceTree = "<group>";
		};
/* End PBXGroup section */

/* Begin PBXNativeTarget section */
		F13B50512AE1222500956CE5 /* Ratedy */ = {
			isa = PBXNativeTarget;
			buildConfigurationList = F13B50662AE1222800956CE5 /* Build configuration list for PBXNativeTarget "Ratedy" */;
			buildPhases = (
				F13B504E2AE1222500956CE5 /* Sources */,
				F13B504F2AE1222500956CE5 /* Frameworks */,
				F13B50502AE1222500956CE5 /* Resources */,
			);
			buildRules = (
			);
			dependencies = (
			);
			name = Ratedy;
			productName = Ratedy;
			productReference = F13B50522AE1222500956CE5 /* Ratedy.app */;
			productType = "com.apple.product-type.application";
		};
/* End PBXNativeTarget section */

/* Begin PBXProject section */
		F13B504A2AE1222500956CE5 /* Project object */ = {
			isa = PBXProject;
			attributes = {
				BuildIndependentTargetsInParallel = 1;
				LastSwiftUpdateCheck = 1500;
				LastUpgradeCheck = 1500;
				TargetAttributes = {
					F13B50512AE1222500956CE5 = {
						CreatedOnToolsVersion = 15.0;
					};
				};
			};
			buildConfigurationList = F13B504D2AE1222500956CE5 /* Build configuration list for PBXProject "Ratedy" */;
			compatibilityVersion = "Xcode 14.0";
			developmentRegion = en;
			hasScannedForEncodings = 0;
			knownRegions = (
				en,
				Base,
			);
			mainGroup = F13B50492AE1222500956CE5;
			productRefGroup = F13B50532AE1222500956CE5 /* Products */;
			projectDirPath = "";
			projectRoot = "";
			targets = (
				F13B50512AE1222500956CE5 /* Ratedy */,
			);
		};
/* End PBXProject section */

/* Begin PBXResourcesBuildPhase section */
		F13B50502AE1222500956CE5 /* Resources */ = {
			isa = PBXResourcesBuildPhase;
			buildActionMask = 2147483647;
			files = (
				F13B50622AE1222800956CE5 /* LaunchScreen.storyboard in Resources */,
				F13B505F2AE1222800956CE5 /* Assets.xcassets in Resources */,
				F13B505D2AE1222500956CE5 /* Main.storyboard in Resources */,
			);
			runOnlyForDeploymentPostprocessing = 0;
		};
/* End PBXResourcesBuildPhase section */

/* Begin PBXSourcesBuildPhase section */
		F13B504E2AE1222500956CE5 /* Sources */ = {
			isa = PBXSourcesBuildPhase;
			buildActionMask = 2147483647;
			files = (
				F1FC7E242AE277E50072C2AF /* RateViewController.swift in Sources */,
				F1D1062C2AE64A7F00003C49 /* RateModel.swift in Sources */,
				F13B50562AE1222500956CE5 /* AppDelegate.swift in Sources */,
				F1D1062A2AE6478F00003C49 /* RateData.swift in Sources */,
				F13B50582AE1222500956CE5 /* SceneDelegate.swift in Sources */,
				F1FC7E262AE27BE40072C2AF /* RateManager.swift in Sources */,
			);
			runOnlyForDeploymentPostprocessing = 0;
		};
/* End PBXSourcesBuildPhase section */

/* Begin PBXVariantGroup section */
		F13B505B2AE1222500956CE5 /* Main.storyboard */ = {
			isa = PBXVariantGroup;
			children = (
				F13B505C2AE1222500956CE5 /* Base */,
			);
			name = Main.storyboard;
			sourceTree = "<group>";
		};
		F13B50602AE1222800956CE5 /* LaunchScreen.storyboard */ = {
			isa = PBXVariantGroup;
			children = (
				F13B50612AE1222800956CE5 /* Base */,
			);
			name = LaunchScreen.storyboard;
			sourceTree = "<group>";
		};
/* End PBXVariantGroup section */

/* Begin XCBuildConfiguration section */
		F13B50642AE1222800956CE5 /* Debug */ = {
			isa = XCBuildConfiguration;
			buildSettings = {
				ALWAYS_SEARCH_USER_PATHS = NO;
				ASSETCATALOG_COMPILER_GENERATE_SWIFT_ASSET_SYMBOL_EXTENSIONS = YES;
				CLANG_ANALYZER_NONNULL = YES;
				CLANG_ANALYZER_NUMBER_OBJECT_CONVERSION = YES_AGGRESSIVE;
				CLANG_CXX_LANGUAGE_STANDARD = "gnu++20";
				CLANG_ENABLE_MODULES = YES;
				CLANG_ENABLE_OBJC_ARC = YES;
				CLANG_ENABLE_OBJC_WEAK = YES;
				CLANG_WARN_BLOCK_CAPTURE_AUTORELEASING = YES;
				CLANG_WARN_BOOL_CONVERSION = YES;
				CLANG_WARN_COMMA = YES;
				CLANG_WARN_CONSTANT_CONVERSION = YES;
				CLANG_WARN_DEPRECATED_OBJC_IMPLEMENTATIONS = YES;
				CLANG_WARN_DIRECT_OBJC_ISA_USAGE = YES_ERROR;
				CLANG_WARN_DOCUMENTATION_COMMENTS = YES;
				CLANG_WARN_EMPTY_BODY = YES;
				CLANG_WARN_ENUM_CONVERSION = YES;
				CLANG_WARN_INFINITE_RECURSION = YES;
				CLANG_WARN_INT_CONVERSION = YES;
				CLANG_WARN_NON_LITERAL_NULL_CONVERSION = YES;
				CLANG_WARN_OBJC_IMPLICIT_RETAIN_SELF = YES;
				CLANG_WARN_OBJC_LITERAL_CONVERSION = YES;
				CLANG_WARN_OBJC_ROOT_CLASS = YES_ERROR;
				CLANG_WARN_QUOTED_INCLUDE_IN_FRAMEWORK_HEADER = YES;
				CLANG_WARN_RANGE_LOOP_ANALYSIS = YES;
				CLANG_WARN_STRICT_PROTOTYPES = YES;
				CLANG_WARN_SUSPICIOUS_MOVE = YES;
				CLANG_WARN_UNGUARDED_AVAILABILITY = YES_AGGRESSIVE;
				CLANG_WARN_UNREACHABLE_CODE = YES;
				CLANG_WARN__DUPLICATE_METHOD_MATCH = YES;
				COPY_PHASE_STRIP = NO;
				DEBUG_INFORMATION_FORMAT = dwarf;
				ENABLE_STRICT_OBJC_MSGSEND = YES;
				ENABLE_TESTABILITY = YES;
				ENABLE_USER_SCRIPT_SANDBOXING = YES;
				GCC_C_LANGUAGE_STANDARD = gnu17;
				GCC_DYNAMIC_NO_PIC = NO;
				GCC_NO_COMMON_BLOCKS = YES;
				GCC_OPTIMIZATION_LEVEL = 0;
				GCC_PREPROCESSOR_DEFINITIONS = (
					"DEBUG=1",
					"$(inherited)",
				);
				GCC_WARN_64_TO_32_BIT_CONVERSION = YES;
				GCC_WARN_ABOUT_RETURN_TYPE = YES_ERROR;
				GCC_WARN_UNDECLARED_SELECTOR = YES;
				GCC_WARN_UNINITIALIZED_AUTOS = YES_AGGRESSIVE;
				GCC_WARN_UNUSED_FUNCTION = YES;
				GCC_WARN_UNUSED_VARIABLE = YES;
				IPHONEOS_DEPLOYMENT_TARGET = 17.0;
				LOCALIZATION_PREFERS_STRING_CATALOGS = YES;
				MTL_ENABLE_DEBUG_INFO = INCLUDE_SOURCE;
				MTL_FAST_MATH = YES;
				ONLY_ACTIVE_ARCH = YES;
				SDKROOT = iphoneos;
				SWIFT_ACTIVE_COMPILATION_CONDITIONS = "DEBUG $(inherited)";
				SWIFT_OPTIMIZATION_LEVEL = "-Onone";
			};
			name = Debug;
		};
		F13B50652AE1222800956CE5 /* Release */ = {
			isa = XCBuildConfiguration;
			buildSettings = {
				ALWAYS_SEARCH_USER_PATHS = NO;
				ASSETCATALOG_COMPILER_GENERATE_SWIFT_ASSET_SYMBOL_EXTENSIONS = YES;
				CLANG_ANALYZER_NONNULL = YES;
				CLANG_ANALYZER_NUMBER_OBJECT_CONVERSION = YES_AGGRESSIVE;
				CLANG_CXX_LANGUAGE_STANDARD = "gnu++20";
				CLANG_ENABLE_MODULES = YES;
				CLANG_ENABLE_OBJC_ARC = YES;
				CLANG_ENABLE_OBJC_WEAK = YES;
				CLANG_WARN_BLOCK_CAPTURE_AUTORELEASING = YES;
				CLANG_WARN_BOOL_CONVERSION = YES;
				CLANG_WARN_COMMA = YES;
				CLANG_WARN_CONSTANT_CONVERSION = YES;
				CLANG_WARN_DEPRECATED_OBJC_IMPLEMENTATIONS = YES;
				CLANG_WARN_DIRECT_OBJC_ISA_USAGE = YES_ERROR;
				CLANG_WARN_DOCUMENTATION_COMMENTS = YES;
				CLANG_WARN_EMPTY_BODY = YES;
				CLANG_WARN_ENUM_CONVERSION = YES;
				CLANG_WARN_INFINITE_RECURSION = YES;
				CLANG_WARN_INT_CONVERSION = YES;
				CLANG_WARN_NON_LITERAL_NULL_CONVERSION = YES;
				CLANG_WARN_OBJC_IMPLICIT_RETAIN_SELF = YES;
				CLANG_WARN_OBJC_LITERAL_CONVERSION = YES;
				CLANG_WARN_OBJC_ROOT_CLASS = YES_ERROR;
				CLANG_WARN_QUOTED_INCLUDE_IN_FRAMEWORK_HEADER = YES;
				CLANG_WARN_RANGE_LOOP_ANALYSIS = YES;
				CLANG_WARN_STRICT_PROTOTYPES = YES;
				CLANG_WARN_SUSPICIOUS_MOVE = YES;
				CLANG_WARN_UNGUARDED_AVAILABILITY = YES_AGGRESSIVE;
				CLANG_WARN_UNREACHABLE_CODE = YES;
				CLANG_WARN__DUPLICATE_METHOD_MATCH = YES;
				COPY_PHASE_STRIP = NO;
				DEBUG_INFORMATION_FORMAT = "dwarf-with-dsym";
				ENABLE_NS_ASSERTIONS = NO;
				ENABLE_STRICT_OBJC_MSGSEND = YES;
				ENABLE_USER_SCRIPT_SANDBOXING = YES;
				GCC_C_LANGUAGE_STANDARD = gnu17;
				GCC_NO_COMMON_BLOCKS = YES;
				GCC_WARN_64_TO_32_BIT_CONVERSION = YES;
				GCC_WARN_ABOUT_RETURN_TYPE = YES_ERROR;
				GCC_WARN_UNDECLARED_SELECTOR = YES;
				GCC_WARN_UNINITIALIZED_AUTOS = YES_AGGRESSIVE;
				GCC_WARN_UNUSED_FUNCTION = YES;
				GCC_WARN_UNUSED_VARIABLE = YES;
				IPHONEOS_DEPLOYMENT_TARGET = 17.0;
				LOCALIZATION_PREFERS_STRING_CATALOGS = YES;
				MTL_ENABLE_DEBUG_INFO = NO;
				MTL_FAST_MATH = YES;
				SDKROOT = iphoneos;
				SWIFT_COMPILATION_MODE = wholemodule;
				VALIDATE_PRODUCT = YES;
			};
			name = Release;
		};
		F13B50672AE1222800956CE5 /* Debug */ = {
			isa = XCBuildConfiguration;
			buildSettings = {
				ASSETCATALOG_COMPILER_APPICON_NAME = AppIcon;
				ASSETCATALOG_COMPILER_GLOBAL_ACCENT_COLOR_NAME = AccentColor;
				CODE_SIGN_STYLE = Automatic;
				CURRENT_PROJECT_VERSION = 1;
				DEVELOPMENT_TEAM = 9ML8B6CF7X;
				GENERATE_INFOPLIST_FILE = YES;
				INFOPLIST_FILE = Ratedy/Info.plist;
				INFOPLIST_KEY_UIApplicationSupportsIndirectInputEvents = YES;
				INFOPLIST_KEY_UILaunchStoryboardName = LaunchScreen;
				INFOPLIST_KEY_UIMainStoryboardFile = Main;
				INFOPLIST_KEY_UISupportedInterfaceOrientations_iPad = "UIInterfaceOrientationPortrait UIInterfaceOrientationPortraitUpsideDown UIInterfaceOrientationLandscapeLeft UIInterfaceOrientationLandscapeRight";
				INFOPLIST_KEY_UISupportedInterfaceOrientations_iPhone = "UIInterfaceOrientationPortrait UIInterfaceOrientationLandscapeLeft UIInterfaceOrientationLandscapeRight";
				LD_RUNPATH_SEARCH_PATHS = (
					"$(inherited)",
					"@executable_path/Frameworks",
				);
				MARKETING_VERSION = 1.0;
				PRODUCT_BUNDLE_IDENTIFIER = com.carol.Ratedy;
				PRODUCT_NAME = "$(TARGET_NAME)";
				SWIFT_EMIT_LOC_STRINGS = YES;
				SWIFT_VERSION = 5.0;
				TARGETED_DEVICE_FAMILY = "1,2";
			};
			name = Debug;
		};
		F13B50682AE1222800956CE5 /* Release */ = {
			isa = XCBuildConfiguration;
			buildSettings = {
				ASSETCATALOG_COMPILER_APPICON_NAME = AppIcon;
				ASSETCATALOG_COMPILER_GLOBAL_ACCENT_COLOR_NAME = AccentColor;
				CODE_SIGN_STYLE = Automatic;
				CURRENT_PROJECT_VERSION = 1;
				DEVELOPMENT_TEAM = 9ML8B6CF7X;
				GENERATE_INFOPLIST_FILE = YES;
				INFOPLIST_FILE = Ratedy/Info.plist;
				INFOPLIST_KEY_UIApplicationSupportsIndirectInputEvents = YES;
				INFOPLIST_KEY_UILaunchStoryboardName = LaunchScreen;
				INFOPLIST_KEY_UIMainStoryboardFile = Main;
				INFOPLIST_KEY_UISupportedInterfaceOrientations_iPad = "UIInterfaceOrientationPortrait UIInterfaceOrientationPortraitUpsideDown UIInterfaceOrientationLandscapeLeft UIInterfaceOrientationLandscapeRight";
				INFOPLIST_KEY_UISupportedInterfaceOrientations_iPhone = "UIInterfaceOrientationPortrait UIInterfaceOrientationLandscapeLeft UIInterfaceOrientationLandscapeRight";
				LD_RUNPATH_SEARCH_PATHS = (
					"$(inherited)",
					"@executable_path/Frameworks",
				);
				MARKETING_VERSION = 1.0;
				PRODUCT_BUNDLE_IDENTIFIER = com.carol.Ratedy;
				PRODUCT_NAME = "$(TARGET_NAME)";
				SWIFT_EMIT_LOC_STRINGS = YES;
				SWIFT_VERSION = 5.0;
				TARGETED_DEVICE_FAMILY = "1,2";
			};
			name = Release;
		};
/* End XCBuildConfiguration section */

/* Begin XCConfigurationList section */
		F13B504D2AE1222500956CE5 /* Build configuration list for PBXProject "Ratedy" */ = {
			isa = XCConfigurationList;
			buildConfigurations = (
				F13B50642AE1222800956CE5 /* Debug */,
				F13B50652AE1222800956CE5 /* Release */,
			);
			defaultConfigurationIsVisible = 0;
			defaultConfigurationName = Release;
		};
		F13B50662AE1222800956CE5 /* Build configuration list for PBXNativeTarget "Ratedy" */ = {
			isa = XCConfigurationList;
			buildConfigurations = (
				F13B50672AE1222800956CE5 /* Debug */,
				F13B50682AE1222800956CE5 /* Release */,
			);
			defaultConfigurationIsVisible = 0;
			defaultConfigurationName = Release;
		};
/* End XCConfigurationList section */
	};
	rootObject = F13B504A2AE1222500956CE5 /* Project object */;
}
